
Microsoft Visual Studio Solution File, Format Version 12.00
# Visual Studio Version 16
VisualStudioVersion = 16.0.31515.178
MinimumVisualStudioVersion = 10.0.40219.1
Project("{FAE04EC0-301F-11D3-BF4B-00C04F79EFBC}") = "Api", "Api.csproj", "{997B3447-EEFD-4FDC-BEAD-295454E284AA}"
EndProject
Project("{FAE04EC0-301F-11D3-BF4B-00C04F79EFBC}") = "Domain", "Domain\Domain.csproj", "{BA35A798-B81A-4EB6-89CE-36865EB65DB9}"
EndProject
Project("{FAE04EC0-301F-11D3-BF4B-00C04F79EFBC}") = "Application", "Application\Application.csproj", "{C75D36F8-A767-4841-91AC-F5767B65A198}"
EndProject
Global
	GlobalSection(SolutionConfigurationPlatforms) = preSolution
		Debug|Any CPU = Debug|Any CPU
		Release|Any CPU = Release|Any CPU
	EndGlobalSection
	GlobalSection(ProjectConfigurationPlatforms) = postSolution
		{997B3447-EEFD-4FDC-BEAD-295454E284AA}.Debug|Any CPU.ActiveCfg = Debug|Any CPU
		{997B3447-EEFD-4FDC-BEAD-295454E284AA}.Debug|Any CPU.Build.0 = Debug|Any CPU
		{997B3447-EEFD-4FDC-BEAD-295454E284AA}.Release|Any CPU.ActiveCfg = Release|Any CPU
		{997B3447-EEFD-4FDC-BEAD-295454E284AA}.Release|Any CPU.Build.0 = Release|Any CPU
		{BA35A798-B81A-4EB6-89CE-36865EB65DB9}.Debug|Any CPU.ActiveCfg = Debug|Any CPU
		{BA35A798-B81A-4EB6-89CE-36865EB65DB9}.Debug|Any CPU.Build.0 = Debug|Any CPU
		{BA35A798-B81A-4EB6-89CE-36865EB65DB9}.Release|Any CPU.ActiveCfg = Release|Any CPU
		{BA35A798-B81A-4EB6-89CE-36865EB65DB9}.Release|Any CPU.Build.0 = Release|Any CPU
		{C75D36F8-A767-4841-91AC-F5767B65A198}.Debug|Any CPU.ActiveCfg = Debug|Any CPU
		{C75D36F8-A767-4841-91AC-F5767B65A198}.Debug|Any CPU.Build.0 = Debug|Any CPU
		{C75D36F8-A767-4841-91AC-F5767B65A198}.Release|Any CPU.ActiveCfg = Release|Any CPU
		{C75D36F8-A767-4841-91AC-F5767B65A198}.Release|Any CPU.Build.0 = Release|Any CPU
	EndGlobalSection
	GlobalSection(SolutionProperties) = preSolution
		HideSolutionNode = FALSE
	EndGlobalSection
	GlobalSection(ExtensibilityGlobals) = postSolution
		SolutionGuid = {0E3C5D04-EBF6-4C3E-B0D1-7F6E5526CBF4}
	EndGlobalSection
EndGlobal
