
Microsoft Visual Studio Solution File, Format Version 12.00
# Visual Studio Version 16
VisualStudioVersion = 16.0.31515.178
MinimumVisualStudioVersion = 10.0.40219.1
Project("{FAE04EC0-301F-11D3-BF4B-00C04F79EFBC}") = "TechLink", "TechLink.csproj", "{997B3447-EEFD-4FDC-BEAD-295454E284AA}"
EndProject
Global
	GlobalSection(SolutionConfigurationPlatforms) = preSolution
		Debug|Any CPU = Debug|Any CPU
		Release|Any CPU = Release|Any CPU
	EndGlobalSection
	GlobalSection(ProjectConfigurationPlatforms) = postSolution
		{997B3447-EEFD-4FDC-BEAD-295454E284AA}.Debug|Any CPU.ActiveCfg = Debug|Any CPU
		{997B3447-EEFD-4FDC-BEAD-295454E284AA}.Debug|Any CPU.Build.0 = Debug|Any CPU
		{997B3447-EEFD-4FDC-BEAD-295454E284AA}.Release|Any CPU.ActiveCfg = Release|Any CPU
		{997B3447-EEFD-4FDC-BEAD-295454E284AA}.Release|Any CPU.Build.0 = Release|Any CPU
	EndGlobalSection
	GlobalSection(SolutionProperties) = preSolution
		HideSolutionNode = FALSE
	EndGlobalSection
	GlobalSection(ExtensibilityGlobals) = postSolution
		SolutionGuid = {0E3C5D04-EBF6-4C3E-B0D1-7F6E5526CBF4}
	EndGlobalSection
EndGlobal
